
Microsoft Visual Studio Solution File, Format Version 12.00
# Visual Studio Version 17
VisualStudioVersion = 17.3.32804.467
MinimumVisualStudioVersion = 10.0.40219.1
Project("{9A19103F-16F7-4668-BE54-9A1E7A4F7556}") = "PatientsData", "PatientsDataSerializer\PatientsData.csproj", "{9CB23338-9358-4087-98C7-1D83B524379D}"
EndProject
Project("{9A19103F-16F7-4668-BE54-9A1E7A4F7556}") = "PatientsDataSerializer.Test", "PatientsDataSerializer.Test\PatientsDataSerializer.Test.csproj", "{3303DCFC-7D3B-4C48-B38C-ADDABB5FB53E}"
EndProject
Project("{9A19103F-16F7-4668-BE54-9A1E7A4F7556}") = "MedicalHistories", "MedicalHistories\MedicalHistories.csproj", "{5D0030C4-4924-4E58-9E85-CCD693321984}"
EndProject
Global
	GlobalSection(SolutionConfigurationPlatforms) = preSolution
		Debug|Any CPU = Debug|Any CPU
		Release|Any CPU = Release|Any CPU
	EndGlobalSection
	GlobalSection(ProjectConfigurationPlatforms) = postSolution
		{9CB23338-9358-4087-98C7-1D83B524379D}.Debug|Any CPU.ActiveCfg = Debug|Any CPU
		{9CB23338-9358-4087-98C7-1D83B524379D}.Debug|Any CPU.Build.0 = Debug|Any CPU
		{9CB23338-9358-4087-98C7-1D83B524379D}.Release|Any CPU.ActiveCfg = Release|Any CPU
		{9CB23338-9358-4087-98C7-1D83B524379D}.Release|Any CPU.Build.0 = Release|Any CPU
		{3303DCFC-7D3B-4C48-B38C-ADDABB5FB53E}.Debug|Any CPU.ActiveCfg = Debug|Any CPU
		{3303DCFC-7D3B-4C48-B38C-ADDABB5FB53E}.Debug|Any CPU.Build.0 = Debug|Any CPU
		{3303DCFC-7D3B-4C48-B38C-ADDABB5FB53E}.Release|Any CPU.ActiveCfg = Release|Any CPU
		{3303DCFC-7D3B-4C48-B38C-ADDABB5FB53E}.Release|Any CPU.Build.0 = Release|Any CPU
		{5D0030C4-4924-4E58-9E85-CCD693321984}.Debug|Any CPU.ActiveCfg = Debug|Any CPU
		{5D0030C4-4924-4E58-9E85-CCD693321984}.Debug|Any CPU.Build.0 = Debug|Any CPU
		{5D0030C4-4924-4E58-9E85-CCD693321984}.Release|Any CPU.ActiveCfg = Release|Any CPU
		{5D0030C4-4924-4E58-9E85-CCD693321984}.Release|Any CPU.Build.0 = Release|Any CPU
	EndGlobalSection
	GlobalSection(SolutionProperties) = preSolution
		HideSolutionNode = FALSE
	EndGlobalSection
	GlobalSection(ExtensibilityGlobals) = postSolution
		SolutionGuid = {0B671D6A-CFB0-478C-9C04-83C09D2753B3}
	EndGlobalSection
EndGlobal
